
Microsoft Visual Studio Solution File, Format Version 12.00
# Visual Studio Version 17
VisualStudioVersion = 17.3.32811.315
MinimumVisualStudioVersion = 10.0.40219.1
Project("{FAE04EC0-301F-11D3-BF4B-00C04F79EFBC}") = "VajaIzredniRPA1", "VajaIzredniRPA1\VajaIzredniRPA1.csproj", "{2524F1A0-3CD4-4C61-A155-72F082F21697}"
EndProject
Global
	GlobalSection(SolutionConfigurationPlatforms) = preSolution
		Debug|Any CPU = Debug|Any CPU
		Release|Any CPU = Release|Any CPU
	EndGlobalSection
	GlobalSection(ProjectConfigurationPlatforms) = postSolution
		{2524F1A0-3CD4-4C61-A155-72F082F21697}.Debug|Any CPU.ActiveCfg = Debug|Any CPU
		{2524F1A0-3CD4-4C61-A155-72F082F21697}.Debug|Any CPU.Build.0 = Debug|Any CPU
		{2524F1A0-3CD4-4C61-A155-72F082F21697}.Release|Any CPU.ActiveCfg = Release|Any CPU
		{2524F1A0-3CD4-4C61-A155-72F082F21697}.Release|Any CPU.Build.0 = Release|Any CPU
	EndGlobalSection
	GlobalSection(SolutionProperties) = preSolution
		HideSolutionNode = FALSE
	EndGlobalSection
	GlobalSection(ExtensibilityGlobals) = postSolution
		SolutionGuid = {CE61CFA8-7988-46DE-BFB9-D21F0E6496C1}
	EndGlobalSection
EndGlobal
