
Microsoft Visual Studio Solution File, Format Version 12.00
# Visual Studio Version 17
VisualStudioVersion = 17.3.32811.315
MinimumVisualStudioVersion = 10.0.40219.1
Project("{FAE04EC0-301F-11D3-BF4B-00C04F79EFBC}") = "Vajarap", "Vajarap\Vajarap.csproj", "{E6C34C64-BA85-4836-8025-93EFB268AB2F}"
EndProject
Global
	GlobalSection(SolutionConfigurationPlatforms) = preSolution
		Debug|Any CPU = Debug|Any CPU
		Release|Any CPU = Release|Any CPU
	EndGlobalSection
	GlobalSection(ProjectConfigurationPlatforms) = postSolution
		{E6C34C64-BA85-4836-8025-93EFB268AB2F}.Debug|Any CPU.ActiveCfg = Debug|Any CPU
		{E6C34C64-BA85-4836-8025-93EFB268AB2F}.Debug|Any CPU.Build.0 = Debug|Any CPU
		{E6C34C64-BA85-4836-8025-93EFB268AB2F}.Release|Any CPU.ActiveCfg = Release|Any CPU
		{E6C34C64-BA85-4836-8025-93EFB268AB2F}.Release|Any CPU.Build.0 = Release|Any CPU
	EndGlobalSection
	GlobalSection(SolutionProperties) = preSolution
		HideSolutionNode = FALSE
	EndGlobalSection
	GlobalSection(ExtensibilityGlobals) = postSolution
		SolutionGuid = {2E035F33-6493-411B-919F-9174ABDF1FF0}
	EndGlobalSection
EndGlobal
